
Microsoft Visual Studio Solution File, Format Version 11.00
# Visual Studio 2010
Project("{FAE04EC0-301F-11D3-BF4B-00C04F79EFBC}") = "KurbanYazilimi", "KurbanYazilimi\KurbanYazilimi.csproj", "{AABDBF2B-C07E-408F-B573-0496B2CDB0A9}"
EndProject
Project("{54435603-DBB4-11D2-8724-00A0C9A8B90C}") = "Kurban Takip Programı", "Kurban Takip Programı\Kurban Takip Programı.vdproj", "{3F36E18A-8BCC-4C2D-AB06-173C8BC2BBCF}"
EndProject
Global
	GlobalSection(SolutionConfigurationPlatforms) = preSolution
		Debug|x86 = Debug|x86
		Release|x86 = Release|x86
	EndGlobalSection
	GlobalSection(ProjectConfigurationPlatforms) = postSolution
		{AABDBF2B-C07E-408F-B573-0496B2CDB0A9}.Debug|x86.ActiveCfg = Debug|x86
		{AABDBF2B-C07E-408F-B573-0496B2CDB0A9}.Debug|x86.Build.0 = Debug|x86
		{AABDBF2B-C07E-408F-B573-0496B2CDB0A9}.Release|x86.ActiveCfg = Release|x86
		{AABDBF2B-C07E-408F-B573-0496B2CDB0A9}.Release|x86.Build.0 = Release|x86
		{3F36E18A-8BCC-4C2D-AB06-173C8BC2BBCF}.Debug|x86.ActiveCfg = Debug
		{3F36E18A-8BCC-4C2D-AB06-173C8BC2BBCF}.Release|x86.ActiveCfg = Release
	EndGlobalSection
	GlobalSection(SolutionProperties) = preSolution
		HideSolutionNode = FALSE
	EndGlobalSection
EndGlobal
